<Solution>
  <Folder Name="/src/">
    <Project Path="src/Archive.Cli/Archive.Cli.csproj" />
    <Project Path="src/Archive.Core/Archive.Core.csproj" />
    <Project Path="src/Archive.Data/Archive.Data.csproj" />
    <Project Path="src/Archive.Desktop/Archive.Desktop.csproj" />
    <Project Path="src/Archive.Import/Archive.Import.csproj" />
    <Project Path="src/Archive.Logging/Archive.Logging.csproj" />
    <Project Path="src/Archive.Media/Archive.Media.csproj" />
    <Project Path="src/Archive.Ui/Archive.Ui.csproj" />
  </Folder>
  <Folder Name="/tests/">
    <Project Path="tests/Archive.Core.Tests/Archive.Core.Tests.csproj" />
    <Project Path="tests/Archive.Data.Tests/Archive.Data.Tests.csproj" />
    <Project Path="tests/Archive.Import.Tests/Archive.Import.Tests.csproj" />
    <Project Path="tests/Archive.Media.Tests/Archive.Media.Tests.csproj" />
    <Project Path="tests/Archive.Ui.Tests/Archive.Ui.Tests.csproj" />
  </Folder>
</Solution>
